
Microsoft Visual Studio Solution File, Format Version 12.00
# Visual Studio Version 17
VisualStudioVersion = 17.3.32804.467
MinimumVisualStudioVersion = 10.0.40219.1
Project("{9A19103F-16F7-4668-BE54-9A1E7A4F7556}") = "SimpleBlazor.Task", "SimpleBlazor.Task\SimpleBlazor.Task.csproj", "{25BF9227-597D-4E3E-B903-E5CE06FA39C2}"
EndProject
Project("{9A19103F-16F7-4668-BE54-9A1E7A4F7556}") = "SimpleBlazor.JavaScript", "SimpleBlazor.JavaScript\SimpleBlazor.JavaScript.csproj", "{5B68CC60-FA39-48BE-8EA9-A9DC1CBB367F}"
EndProject
Project("{9A19103F-16F7-4668-BE54-9A1E7A4F7556}") = "SimpleBlazor", "SimpleBlazor\SimpleBlazor.csproj", "{FD122A79-16E4-4DA9-B115-F530D1B60FAE}"
EndProject
Project("{9A19103F-16F7-4668-BE54-9A1E7A4F7556}") = "SimpleBlazor.Antd", "SimpleBlazor.Antd\SimpleBlazor.Antd.csproj", "{46F0B140-D8E2-4499-BB4F-1AEB87C8C38B}"
EndProject
Project("{9A19103F-16F7-4668-BE54-9A1E7A4F7556}") = "RenderTreeBuildTest", "RenderTreeBuildTest\RenderTreeBuildTest.csproj", "{A2014015-072E-4041-90CA-B5A39AB2B7D8}"
EndProject
Global
	GlobalSection(SolutionConfigurationPlatforms) = preSolution
		Debug|Any CPU = Debug|Any CPU
		Release|Any CPU = Release|Any CPU
	EndGlobalSection
	GlobalSection(ProjectConfigurationPlatforms) = postSolution
		{25BF9227-597D-4E3E-B903-E5CE06FA39C2}.Debug|Any CPU.ActiveCfg = Debug|Any CPU
		{25BF9227-597D-4E3E-B903-E5CE06FA39C2}.Debug|Any CPU.Build.0 = Debug|Any CPU
		{25BF9227-597D-4E3E-B903-E5CE06FA39C2}.Release|Any CPU.ActiveCfg = Release|Any CPU
		{25BF9227-597D-4E3E-B903-E5CE06FA39C2}.Release|Any CPU.Build.0 = Release|Any CPU
		{5B68CC60-FA39-48BE-8EA9-A9DC1CBB367F}.Debug|Any CPU.ActiveCfg = Debug|Any CPU
		{5B68CC60-FA39-48BE-8EA9-A9DC1CBB367F}.Debug|Any CPU.Build.0 = Debug|Any CPU
		{5B68CC60-FA39-48BE-8EA9-A9DC1CBB367F}.Release|Any CPU.ActiveCfg = Release|Any CPU
		{5B68CC60-FA39-48BE-8EA9-A9DC1CBB367F}.Release|Any CPU.Build.0 = Release|Any CPU
		{FD122A79-16E4-4DA9-B115-F530D1B60FAE}.Debug|Any CPU.ActiveCfg = Debug|Any CPU
		{FD122A79-16E4-4DA9-B115-F530D1B60FAE}.Debug|Any CPU.Build.0 = Debug|Any CPU
		{FD122A79-16E4-4DA9-B115-F530D1B60FAE}.Release|Any CPU.ActiveCfg = Release|Any CPU
		{FD122A79-16E4-4DA9-B115-F530D1B60FAE}.Release|Any CPU.Build.0 = Release|Any CPU
		{46F0B140-D8E2-4499-BB4F-1AEB87C8C38B}.Debug|Any CPU.ActiveCfg = Debug|Any CPU
		{46F0B140-D8E2-4499-BB4F-1AEB87C8C38B}.Debug|Any CPU.Build.0 = Debug|Any CPU
		{46F0B140-D8E2-4499-BB4F-1AEB87C8C38B}.Release|Any CPU.ActiveCfg = Release|Any CPU
		{46F0B140-D8E2-4499-BB4F-1AEB87C8C38B}.Release|Any CPU.Build.0 = Release|Any CPU
		{A2014015-072E-4041-90CA-B5A39AB2B7D8}.Debug|Any CPU.ActiveCfg = Debug|Any CPU
		{A2014015-072E-4041-90CA-B5A39AB2B7D8}.Debug|Any CPU.Build.0 = Debug|Any CPU
		{A2014015-072E-4041-90CA-B5A39AB2B7D8}.Release|Any CPU.ActiveCfg = Release|Any CPU
		{A2014015-072E-4041-90CA-B5A39AB2B7D8}.Release|Any CPU.Build.0 = Release|Any CPU
	EndGlobalSection
	GlobalSection(SolutionProperties) = preSolution
		HideSolutionNode = FALSE
	EndGlobalSection
	GlobalSection(ExtensibilityGlobals) = postSolution
		SolutionGuid = {17791822-8436-499A-B6C5-1440C9278F69}
	EndGlobalSection
EndGlobal
